
Microsoft Visual Studio Solution File, Format Version 12.00
# Visual Studio Version 17
VisualStudioVersion = 17.7.34031.279
MinimumVisualStudioVersion = 10.0.40219.1
Project("{8BC9CEB8-8B4A-11D0-8D11-00A0C91BC942}") = "Funciones en el Videojuego", "Funciones en el Videojuego\Funciones en el Videojuego.vcxproj", "{76D2802C-48C3-4845-9A6A-1DF7314A34DD}"
EndProject
Global
	GlobalSection(SolutionConfigurationPlatforms) = preSolution
		Debug|x64 = Debug|x64
		Debug|x86 = Debug|x86
		Release|x64 = Release|x64
		Release|x86 = Release|x86
	EndGlobalSection
	GlobalSection(ProjectConfigurationPlatforms) = postSolution
		{76D2802C-48C3-4845-9A6A-1DF7314A34DD}.Debug|x64.ActiveCfg = Debug|x64
		{76D2802C-48C3-4845-9A6A-1DF7314A34DD}.Debug|x64.Build.0 = Debug|x64
		{76D2802C-48C3-4845-9A6A-1DF7314A34DD}.Debug|x86.ActiveCfg = Debug|Win32
		{76D2802C-48C3-4845-9A6A-1DF7314A34DD}.Debug|x86.Build.0 = Debug|Win32
		{76D2802C-48C3-4845-9A6A-1DF7314A34DD}.Release|x64.ActiveCfg = Release|x64
		{76D2802C-48C3-4845-9A6A-1DF7314A34DD}.Release|x64.Build.0 = Release|x64
		{76D2802C-48C3-4845-9A6A-1DF7314A34DD}.Release|x86.ActiveCfg = Release|Win32
		{76D2802C-48C3-4845-9A6A-1DF7314A34DD}.Release|x86.Build.0 = Release|Win32
	EndGlobalSection
	GlobalSection(SolutionProperties) = preSolution
		HideSolutionNode = FALSE
	EndGlobalSection
	GlobalSection(ExtensibilityGlobals) = postSolution
		SolutionGuid = {AE964842-7951-4F00-989A-2E7F89EE0901}
	EndGlobalSection
EndGlobal
